
Microsoft Visual Studio Solution File, Format Version 12.00
# Visual Studio Version 17
VisualStudioVersion = 17.0.32126.317
MinimumVisualStudioVersion = 10.0.40219.1
Project("{FAE04EC0-301F-11D3-BF4B-00C04F79EFBC}") = "NLayer.Core", "NLayer.Core\NLayer.Core.csproj", "{DC51B8A6-3E54-41C4-95AD-3BC0B210F9ED}"
EndProject
Project("{FAE04EC0-301F-11D3-BF4B-00C04F79EFBC}") = "NLayer.Repository", "NLayer.Repository\NLayer.Repository.csproj", "{E6BDF3CF-5D89-416C-A0C0-0ACEAFED293E}"
EndProject
Project("{FAE04EC0-301F-11D3-BF4B-00C04F79EFBC}") = "NLayer.Service", "NLayer.Service\NLayer.Service.csproj", "{5774427A-7F0A-4843-9E64-61B111B4E851}"
EndProject
Project("{FAE04EC0-301F-11D3-BF4B-00C04F79EFBC}") = "NLayer.Cache", "NLayer.Cache\NLayer.Cache.csproj", "{774A6FEE-5DA3-498F-99D7-E2AAE550A023}"
EndProject
Project("{FAE04EC0-301F-11D3-BF4B-00C04F79EFBC}") = "NLayer.API", "NLayer.API\NLayer.API.csproj", "{5A13E269-9312-42F1-92F6-FB3C9F0FB124}"
EndProject
Project("{FAE04EC0-301F-11D3-BF4B-00C04F79EFBC}") = "NLayer.Web", "NLayer.Web\NLayer.Web.csproj", "{8661C50B-30F9-4375-AA4D-E5B091209712}"
EndProject
Global
	GlobalSection(SolutionConfigurationPlatforms) = preSolution
		Debug|Any CPU = Debug|Any CPU
		Release|Any CPU = Release|Any CPU
	EndGlobalSection
	GlobalSection(ProjectConfigurationPlatforms) = postSolution
		{DC51B8A6-3E54-41C4-95AD-3BC0B210F9ED}.Debug|Any CPU.ActiveCfg = Debug|Any CPU
		{DC51B8A6-3E54-41C4-95AD-3BC0B210F9ED}.Debug|Any CPU.Build.0 = Debug|Any CPU
		{DC51B8A6-3E54-41C4-95AD-3BC0B210F9ED}.Release|Any CPU.ActiveCfg = Release|Any CPU
		{DC51B8A6-3E54-41C4-95AD-3BC0B210F9ED}.Release|Any CPU.Build.0 = Release|Any CPU
		{E6BDF3CF-5D89-416C-A0C0-0ACEAFED293E}.Debug|Any CPU.ActiveCfg = Debug|Any CPU
		{E6BDF3CF-5D89-416C-A0C0-0ACEAFED293E}.Debug|Any CPU.Build.0 = Debug|Any CPU
		{E6BDF3CF-5D89-416C-A0C0-0ACEAFED293E}.Release|Any CPU.ActiveCfg = Release|Any CPU
		{E6BDF3CF-5D89-416C-A0C0-0ACEAFED293E}.Release|Any CPU.Build.0 = Release|Any CPU
		{5774427A-7F0A-4843-9E64-61B111B4E851}.Debug|Any CPU.ActiveCfg = Debug|Any CPU
		{5774427A-7F0A-4843-9E64-61B111B4E851}.Debug|Any CPU.Build.0 = Debug|Any CPU
		{5774427A-7F0A-4843-9E64-61B111B4E851}.Release|Any CPU.ActiveCfg = Release|Any CPU
		{5774427A-7F0A-4843-9E64-61B111B4E851}.Release|Any CPU.Build.0 = Release|Any CPU
		{774A6FEE-5DA3-498F-99D7-E2AAE550A023}.Debug|Any CPU.ActiveCfg = Debug|Any CPU
		{774A6FEE-5DA3-498F-99D7-E2AAE550A023}.Debug|Any CPU.Build.0 = Debug|Any CPU
		{774A6FEE-5DA3-498F-99D7-E2AAE550A023}.Release|Any CPU.ActiveCfg = Release|Any CPU
		{774A6FEE-5DA3-498F-99D7-E2AAE550A023}.Release|Any CPU.Build.0 = Release|Any CPU
		{5A13E269-9312-42F1-92F6-FB3C9F0FB124}.Debug|Any CPU.ActiveCfg = Debug|Any CPU
		{5A13E269-9312-42F1-92F6-FB3C9F0FB124}.Debug|Any CPU.Build.0 = Debug|Any CPU
		{5A13E269-9312-42F1-92F6-FB3C9F0FB124}.Release|Any CPU.ActiveCfg = Release|Any CPU
		{5A13E269-9312-42F1-92F6-FB3C9F0FB124}.Release|Any CPU.Build.0 = Release|Any CPU
		{8661C50B-30F9-4375-AA4D-E5B091209712}.Debug|Any CPU.ActiveCfg = Debug|Any CPU
		{8661C50B-30F9-4375-AA4D-E5B091209712}.Debug|Any CPU.Build.0 = Debug|Any CPU
		{8661C50B-30F9-4375-AA4D-E5B091209712}.Release|Any CPU.ActiveCfg = Release|Any CPU
		{8661C50B-30F9-4375-AA4D-E5B091209712}.Release|Any CPU.Build.0 = Release|Any CPU
	EndGlobalSection
	GlobalSection(SolutionProperties) = preSolution
		HideSolutionNode = FALSE
	EndGlobalSection
	GlobalSection(ExtensibilityGlobals) = postSolution
		SolutionGuid = {041DEDDB-741B-487F-8DC9-228B2BDCBDEC}
	EndGlobalSection
EndGlobal
